
Microsoft Visual Studio Solution File, Format Version 12.00
# Visual Studio 2013
VisualStudioVersion = 12.0.31101.0
MinimumVisualStudioVersion = 10.0.40219.1
Project("{FAE04EC0-301F-11D3-BF4B-00C04F79EFBC}") = "Messages", "Messages\Messages.csproj", "{8670248A-FE47-4446-AD25-70B1795C5737}"
EndProject
Project("{FAE04EC0-301F-11D3-BF4B-00C04F79EFBC}") = "Service", "Service\Service.csproj", "{C53B8FCF-12F8-46FF-A01B-EDC745534F15}"
EndProject
Project("{FAE04EC0-301F-11D3-BF4B-00C04F79EFBC}") = "Service.test", "Service.test\Service.test.csproj", "{D7779563-5A89-4A7F-9944-E2D289707226}"
EndProject
Project("{FAE04EC0-301F-11D3-BF4B-00C04F79EFBC}") = "Client", "Client\Client.csproj", "{650CC341-A8B4-4A47-976E-53101C1F29A5}"
EndProject
Project("{FAE04EC0-301F-11D3-BF4B-00C04F79EFBC}") = "Client.test", "Client.test\Client.test.csproj", "{7A561CA7-E1B8-4FFA-804B-83DC2A7DF563}"
EndProject
Global
	GlobalSection(SolutionConfigurationPlatforms) = preSolution
		Debug|Any CPU = Debug|Any CPU
		Release|Any CPU = Release|Any CPU
	EndGlobalSection
	GlobalSection(ProjectConfigurationPlatforms) = postSolution
		{8670248A-FE47-4446-AD25-70B1795C5737}.Debug|Any CPU.ActiveCfg = Debug|Any CPU
		{8670248A-FE47-4446-AD25-70B1795C5737}.Debug|Any CPU.Build.0 = Debug|Any CPU
		{8670248A-FE47-4446-AD25-70B1795C5737}.Release|Any CPU.ActiveCfg = Release|Any CPU
		{8670248A-FE47-4446-AD25-70B1795C5737}.Release|Any CPU.Build.0 = Release|Any CPU
		{C53B8FCF-12F8-46FF-A01B-EDC745534F15}.Debug|Any CPU.ActiveCfg = Debug|Any CPU
		{C53B8FCF-12F8-46FF-A01B-EDC745534F15}.Debug|Any CPU.Build.0 = Debug|Any CPU
		{C53B8FCF-12F8-46FF-A01B-EDC745534F15}.Release|Any CPU.ActiveCfg = Release|Any CPU
		{C53B8FCF-12F8-46FF-A01B-EDC745534F15}.Release|Any CPU.Build.0 = Release|Any CPU
		{D7779563-5A89-4A7F-9944-E2D289707226}.Debug|Any CPU.ActiveCfg = Debug|Any CPU
		{D7779563-5A89-4A7F-9944-E2D289707226}.Debug|Any CPU.Build.0 = Debug|Any CPU
		{D7779563-5A89-4A7F-9944-E2D289707226}.Release|Any CPU.ActiveCfg = Release|Any CPU
		{D7779563-5A89-4A7F-9944-E2D289707226}.Release|Any CPU.Build.0 = Release|Any CPU
		{650CC341-A8B4-4A47-976E-53101C1F29A5}.Debug|Any CPU.ActiveCfg = Debug|Any CPU
		{650CC341-A8B4-4A47-976E-53101C1F29A5}.Debug|Any CPU.Build.0 = Debug|Any CPU
		{650CC341-A8B4-4A47-976E-53101C1F29A5}.Release|Any CPU.ActiveCfg = Release|Any CPU
		{650CC341-A8B4-4A47-976E-53101C1F29A5}.Release|Any CPU.Build.0 = Release|Any CPU
		{7A561CA7-E1B8-4FFA-804B-83DC2A7DF563}.Debug|Any CPU.ActiveCfg = Debug|Any CPU
		{7A561CA7-E1B8-4FFA-804B-83DC2A7DF563}.Debug|Any CPU.Build.0 = Debug|Any CPU
		{7A561CA7-E1B8-4FFA-804B-83DC2A7DF563}.Release|Any CPU.ActiveCfg = Release|Any CPU
		{7A561CA7-E1B8-4FFA-804B-83DC2A7DF563}.Release|Any CPU.Build.0 = Release|Any CPU
	EndGlobalSection
	GlobalSection(SolutionProperties) = preSolution
		HideSolutionNode = FALSE
	EndGlobalSection
EndGlobal
